
Microsoft Visual Studio Solution File, Format Version 12.00
# Visual Studio Version 16
VisualStudioVersion = 16.0.30523.141
MinimumVisualStudioVersion = 10.0.40219.1
Project("{FAE04EC0-301F-11D3-BF4B-00C04F79EFBC}") = "HttpClientSocketTesting", "HttpClientSocketTesting\HttpClientSocketTesting.csproj", "{38A334BE-460F-441F-ACA2-28DE0CCE17CD}"
EndProject
Global
	GlobalSection(SolutionConfigurationPlatforms) = preSolution
		Debug|Any CPU = Debug|Any CPU
		Release|Any CPU = Release|Any CPU
	EndGlobalSection
	GlobalSection(ProjectConfigurationPlatforms) = postSolution
		{38A334BE-460F-441F-ACA2-28DE0CCE17CD}.Debug|Any CPU.ActiveCfg = Debug|Any CPU
		{38A334BE-460F-441F-ACA2-28DE0CCE17CD}.Debug|Any CPU.Build.0 = Debug|Any CPU
		{38A334BE-460F-441F-ACA2-28DE0CCE17CD}.Release|Any CPU.ActiveCfg = Release|Any CPU
		{38A334BE-460F-441F-ACA2-28DE0CCE17CD}.Release|Any CPU.Build.0 = Release|Any CPU
	EndGlobalSection
	GlobalSection(SolutionProperties) = preSolution
		HideSolutionNode = FALSE
	EndGlobalSection
	GlobalSection(ExtensibilityGlobals) = postSolution
		SolutionGuid = {46648101-1FB4-47E4-9EEE-E9ECF9BDB7C2}
	EndGlobalSection
EndGlobal
